
Microsoft Visual Studio Solution File, Format Version 12.00
Project("{FAE04EC0-301F-11D3-BF4B-00C04F79EFBC}") = "Chaincode", "Chaincode\Chaincode.csproj", "{32B78E58-CD8E-4F81-B89D-CE7F0DF04796}"
EndProject
Project("{FAE04EC0-301F-11D3-BF4B-00C04F79EFBC}") = "Chaincode.Protos", "Chaincode.Protos\Chaincode.Protos.csproj", "{A9B96694-80F5-4D76-9BA7-17A6A22C6255}"
EndProject
Project("{FAE04EC0-301F-11D3-BF4B-00C04F79EFBC}") = "Chaincode.Test", "Chaincode.Test\Chaincode.Test.csproj", "{40046F67-B568-4AA4-A58E-65BF4423AE20}"
EndProject
Global
	GlobalSection(SolutionConfigurationPlatforms) = preSolution
		Debug|Any CPU = Debug|Any CPU
		Release|Any CPU = Release|Any CPU
	EndGlobalSection
	GlobalSection(ProjectConfigurationPlatforms) = postSolution
		{32B78E58-CD8E-4F81-B89D-CE7F0DF04796}.Debug|Any CPU.ActiveCfg = Debug|Any CPU
		{32B78E58-CD8E-4F81-B89D-CE7F0DF04796}.Debug|Any CPU.Build.0 = Debug|Any CPU
		{32B78E58-CD8E-4F81-B89D-CE7F0DF04796}.Release|Any CPU.ActiveCfg = Release|Any CPU
		{32B78E58-CD8E-4F81-B89D-CE7F0DF04796}.Release|Any CPU.Build.0 = Release|Any CPU
		{A9B96694-80F5-4D76-9BA7-17A6A22C6255}.Debug|Any CPU.ActiveCfg = Debug|Any CPU
		{A9B96694-80F5-4D76-9BA7-17A6A22C6255}.Debug|Any CPU.Build.0 = Debug|Any CPU
		{A9B96694-80F5-4D76-9BA7-17A6A22C6255}.Release|Any CPU.ActiveCfg = Release|Any CPU
		{A9B96694-80F5-4D76-9BA7-17A6A22C6255}.Release|Any CPU.Build.0 = Release|Any CPU
		{40046F67-B568-4AA4-A58E-65BF4423AE20}.Debug|Any CPU.ActiveCfg = Debug|Any CPU
		{40046F67-B568-4AA4-A58E-65BF4423AE20}.Debug|Any CPU.Build.0 = Debug|Any CPU
		{40046F67-B568-4AA4-A58E-65BF4423AE20}.Release|Any CPU.ActiveCfg = Release|Any CPU
		{40046F67-B568-4AA4-A58E-65BF4423AE20}.Release|Any CPU.Build.0 = Release|Any CPU
	EndGlobalSection
EndGlobal
