
Microsoft Visual Studio Solution File, Format Version 12.00
Project("{FAE04EC0-301F-11D3-BF4B-00C04F79EFBC}") = "AssetHolding", "AssetHolding\AssetHolding.csproj", "{DADAD7CE-D201-433C-885B-06C6EEC0B542}"
EndProject
Project("{FAE04EC0-301F-11D3-BF4B-00C04F79EFBC}") = "FabCar", "FabCar\FabCar.csproj", "{9DFE1B75-0E5A-4FF1-B8AC-5B32CA61E8F4}"
EndProject
Global
	GlobalSection(SolutionConfigurationPlatforms) = preSolution
		Debug|Any CPU = Debug|Any CPU
		Release|Any CPU = Release|Any CPU
	EndGlobalSection
	GlobalSection(ProjectConfigurationPlatforms) = postSolution
		{DADAD7CE-D201-433C-885B-06C6EEC0B542}.Debug|Any CPU.ActiveCfg = Debug|Any CPU
		{DADAD7CE-D201-433C-885B-06C6EEC0B542}.Debug|Any CPU.Build.0 = Debug|Any CPU
		{DADAD7CE-D201-433C-885B-06C6EEC0B542}.Release|Any CPU.ActiveCfg = Release|Any CPU
		{DADAD7CE-D201-433C-885B-06C6EEC0B542}.Release|Any CPU.Build.0 = Release|Any CPU
		{9DFE1B75-0E5A-4FF1-B8AC-5B32CA61E8F4}.Debug|Any CPU.ActiveCfg = Debug|Any CPU
		{9DFE1B75-0E5A-4FF1-B8AC-5B32CA61E8F4}.Debug|Any CPU.Build.0 = Debug|Any CPU
		{9DFE1B75-0E5A-4FF1-B8AC-5B32CA61E8F4}.Release|Any CPU.ActiveCfg = Release|Any CPU
		{9DFE1B75-0E5A-4FF1-B8AC-5B32CA61E8F4}.Release|Any CPU.Build.0 = Release|Any CPU
	EndGlobalSection
EndGlobal
